
Microsoft Visual Studio Solution File, Format Version 12.00
# Visual Studio Version 17
VisualStudioVersion = 17.11.35431.28
MinimumVisualStudioVersion = 10.0.40219.1
Project("{FAE04EC0-301F-11D3-BF4B-00C04F79EFBC}") = "StaticFilesExample", "StaticFilesExample\StaticFilesExample.csproj", "{6773D581-8C4E-4256-B45F-2F16DE3A3794}"
EndProject
Project("{FAE04EC0-301F-11D3-BF4B-00C04F79EFBC}") = "CountryAssignment", "CountryAssignment\CountryAssignment.csproj", "{DC084A2E-DA63-410F-8498-2A5DEA9E6451}"
EndProject
Project("{FAE04EC0-301F-11D3-BF4B-00C04F79EFBC}") = "ControllerExample", "ControllerExample\ControllerExample.csproj", "{97120818-2275-4745-B4A4-CDA875430A3D}"
EndProject
Project("{FAE04EC0-301F-11D3-BF4B-00C04F79EFBC}") = "IActionResultExample", "IActionResultExample\IActionResultExample.csproj", "{2211D0D7-BD5A-428F-B0F1-C8BC00909217}"
EndProject
Project("{FAE04EC0-301F-11D3-BF4B-00C04F79EFBC}") = "BankAppAssignment", "BankAppAssignment\BankAppAssignment.csproj", "{3663580F-1887-430E-9526-CC840BC975C0}"
EndProject
Project("{FAE04EC0-301F-11D3-BF4B-00C04F79EFBC}") = "ModelValidationExample", "ModelValidationExample\ModelValidationExample.csproj", "{04659FF4-1229-4DDE-A9B4-A2D5C1D59B1A}"
EndProject
Project("{FAE04EC0-301F-11D3-BF4B-00C04F79EFBC}") = "RazorViews", "RazorViews\RazorViews.csproj", "{0258F875-D0DE-42C7-BB59-7A97EF90D800}"
EndProject
Project("{FAE04EC0-301F-11D3-BF4B-00C04F79EFBC}") = "WeatherAppAssignment", "WeatherAppAssignment\WeatherAppAssignment.csproj", "{AC3958F9-6AE1-442A-A965-7681D8DCEB1A}"
EndProject
Project("{FAE04EC0-301F-11D3-BF4B-00C04F79EFBC}") = "DIExample", "DIExample\DIExample.csproj", "{3EC34E62-5A09-42F1-BA22-83E19B7913C8}"
EndProject
Project("{FAE04EC0-301F-11D3-BF4B-00C04F79EFBC}") = "DIExampleServices", "DIExampleServices\DIExampleServices.csproj", "{B630FF36-7D96-4EAA-BB07-405CCB7A89C0}"
EndProject
Project("{FAE04EC0-301F-11D3-BF4B-00C04F79EFBC}") = "LayoutViewsExample", "LayoutViewsExample\LayoutViewsExample.csproj", "{BA56055D-523F-42C7-A3DD-9CAD9842F497}"
EndProject
Project("{FAE04EC0-301F-11D3-BF4B-00C04F79EFBC}") = "DIExampleContracts", "DIExampleContracts\DIExampleContracts.csproj", "{960A56CF-DBD8-408F-AE19-5B9E3E09CEF2}"
EndProject
Global
	GlobalSection(SolutionConfigurationPlatforms) = preSolution
		Debug|Any CPU = Debug|Any CPU
		Release|Any CPU = Release|Any CPU
	EndGlobalSection
	GlobalSection(ProjectConfigurationPlatforms) = postSolution
		{6773D581-8C4E-4256-B45F-2F16DE3A3794}.Debug|Any CPU.ActiveCfg = Debug|Any CPU
		{6773D581-8C4E-4256-B45F-2F16DE3A3794}.Debug|Any CPU.Build.0 = Debug|Any CPU
		{6773D581-8C4E-4256-B45F-2F16DE3A3794}.Release|Any CPU.ActiveCfg = Release|Any CPU
		{6773D581-8C4E-4256-B45F-2F16DE3A3794}.Release|Any CPU.Build.0 = Release|Any CPU
		{DC084A2E-DA63-410F-8498-2A5DEA9E6451}.Debug|Any CPU.ActiveCfg = Debug|Any CPU
		{DC084A2E-DA63-410F-8498-2A5DEA9E6451}.Debug|Any CPU.Build.0 = Debug|Any CPU
		{DC084A2E-DA63-410F-8498-2A5DEA9E6451}.Release|Any CPU.ActiveCfg = Release|Any CPU
		{DC084A2E-DA63-410F-8498-2A5DEA9E6451}.Release|Any CPU.Build.0 = Release|Any CPU
		{97120818-2275-4745-B4A4-CDA875430A3D}.Debug|Any CPU.ActiveCfg = Debug|Any CPU
		{97120818-2275-4745-B4A4-CDA875430A3D}.Debug|Any CPU.Build.0 = Debug|Any CPU
		{97120818-2275-4745-B4A4-CDA875430A3D}.Release|Any CPU.ActiveCfg = Release|Any CPU
		{97120818-2275-4745-B4A4-CDA875430A3D}.Release|Any CPU.Build.0 = Release|Any CPU
		{2211D0D7-BD5A-428F-B0F1-C8BC00909217}.Debug|Any CPU.ActiveCfg = Debug|Any CPU
		{2211D0D7-BD5A-428F-B0F1-C8BC00909217}.Debug|Any CPU.Build.0 = Debug|Any CPU
		{2211D0D7-BD5A-428F-B0F1-C8BC00909217}.Release|Any CPU.ActiveCfg = Release|Any CPU
		{2211D0D7-BD5A-428F-B0F1-C8BC00909217}.Release|Any CPU.Build.0 = Release|Any CPU
		{3663580F-1887-430E-9526-CC840BC975C0}.Debug|Any CPU.ActiveCfg = Debug|Any CPU
		{3663580F-1887-430E-9526-CC840BC975C0}.Debug|Any CPU.Build.0 = Debug|Any CPU
		{3663580F-1887-430E-9526-CC840BC975C0}.Release|Any CPU.ActiveCfg = Release|Any CPU
		{3663580F-1887-430E-9526-CC840BC975C0}.Release|Any CPU.Build.0 = Release|Any CPU
		{04659FF4-1229-4DDE-A9B4-A2D5C1D59B1A}.Debug|Any CPU.ActiveCfg = Debug|Any CPU
		{04659FF4-1229-4DDE-A9B4-A2D5C1D59B1A}.Debug|Any CPU.Build.0 = Debug|Any CPU
		{04659FF4-1229-4DDE-A9B4-A2D5C1D59B1A}.Release|Any CPU.ActiveCfg = Release|Any CPU
		{04659FF4-1229-4DDE-A9B4-A2D5C1D59B1A}.Release|Any CPU.Build.0 = Release|Any CPU
		{0258F875-D0DE-42C7-BB59-7A97EF90D800}.Debug|Any CPU.ActiveCfg = Debug|Any CPU
		{0258F875-D0DE-42C7-BB59-7A97EF90D800}.Debug|Any CPU.Build.0 = Debug|Any CPU
		{0258F875-D0DE-42C7-BB59-7A97EF90D800}.Release|Any CPU.ActiveCfg = Release|Any CPU
		{0258F875-D0DE-42C7-BB59-7A97EF90D800}.Release|Any CPU.Build.0 = Release|Any CPU
		{AC3958F9-6AE1-442A-A965-7681D8DCEB1A}.Debug|Any CPU.ActiveCfg = Debug|Any CPU
		{AC3958F9-6AE1-442A-A965-7681D8DCEB1A}.Debug|Any CPU.Build.0 = Debug|Any CPU
		{AC3958F9-6AE1-442A-A965-7681D8DCEB1A}.Release|Any CPU.ActiveCfg = Release|Any CPU
		{AC3958F9-6AE1-442A-A965-7681D8DCEB1A}.Release|Any CPU.Build.0 = Release|Any CPU
		{3EC34E62-5A09-42F1-BA22-83E19B7913C8}.Debug|Any CPU.ActiveCfg = Debug|Any CPU
		{3EC34E62-5A09-42F1-BA22-83E19B7913C8}.Debug|Any CPU.Build.0 = Debug|Any CPU
		{3EC34E62-5A09-42F1-BA22-83E19B7913C8}.Release|Any CPU.ActiveCfg = Release|Any CPU
		{3EC34E62-5A09-42F1-BA22-83E19B7913C8}.Release|Any CPU.Build.0 = Release|Any CPU
		{B630FF36-7D96-4EAA-BB07-405CCB7A89C0}.Debug|Any CPU.ActiveCfg = Debug|Any CPU
		{B630FF36-7D96-4EAA-BB07-405CCB7A89C0}.Debug|Any CPU.Build.0 = Debug|Any CPU
		{B630FF36-7D96-4EAA-BB07-405CCB7A89C0}.Release|Any CPU.ActiveCfg = Release|Any CPU
		{B630FF36-7D96-4EAA-BB07-405CCB7A89C0}.Release|Any CPU.Build.0 = Release|Any CPU
		{BA56055D-523F-42C7-A3DD-9CAD9842F497}.Debug|Any CPU.ActiveCfg = Debug|Any CPU
		{BA56055D-523F-42C7-A3DD-9CAD9842F497}.Debug|Any CPU.Build.0 = Debug|Any CPU
		{BA56055D-523F-42C7-A3DD-9CAD9842F497}.Release|Any CPU.ActiveCfg = Release|Any CPU
		{BA56055D-523F-42C7-A3DD-9CAD9842F497}.Release|Any CPU.Build.0 = Release|Any CPU
		{960A56CF-DBD8-408F-AE19-5B9E3E09CEF2}.Debug|Any CPU.ActiveCfg = Debug|Any CPU
		{960A56CF-DBD8-408F-AE19-5B9E3E09CEF2}.Debug|Any CPU.Build.0 = Debug|Any CPU
		{960A56CF-DBD8-408F-AE19-5B9E3E09CEF2}.Release|Any CPU.ActiveCfg = Release|Any CPU
		{960A56CF-DBD8-408F-AE19-5B9E3E09CEF2}.Release|Any CPU.Build.0 = Release|Any CPU
	EndGlobalSection
	GlobalSection(SolutionProperties) = preSolution
		HideSolutionNode = FALSE
	EndGlobalSection
	GlobalSection(ExtensibilityGlobals) = postSolution
		SolutionGuid = {C3A39AD5-3396-4FC8-90DA-90F3830D5101}
	EndGlobalSection
EndGlobal
