
Microsoft Visual Studio Solution File, Format Version 12.00
# Visual Studio Version 17
VisualStudioVersion = 17.11.35431.28
MinimumVisualStudioVersion = 10.0.40219.1
Project("{FAE04EC0-301F-11D3-BF4B-00C04F79EFBC}") = "StaticFilesExample", "StaticFilesExample\StaticFilesExample.csproj", "{6773D581-8C4E-4256-B45F-2F16DE3A3794}"
EndProject
Project("{FAE04EC0-301F-11D3-BF4B-00C04F79EFBC}") = "CountryAssignment", "CountryAssignment\CountryAssignment.csproj", "{DC084A2E-DA63-410F-8498-2A5DEA9E6451}"
EndProject
Project("{FAE04EC0-301F-11D3-BF4B-00C04F79EFBC}") = "ControllerExample", "ControllerExample\ControllerExample.csproj", "{97120818-2275-4745-B4A4-CDA875430A3D}"
EndProject
Project("{FAE04EC0-301F-11D3-BF4B-00C04F79EFBC}") = "IActionResultExample", "IActionResultExample\IActionResultExample.csproj", "{2211D0D7-BD5A-428F-B0F1-C8BC00909217}"
EndProject
Global
	GlobalSection(SolutionConfigurationPlatforms) = preSolution
		Debug|Any CPU = Debug|Any CPU
		Release|Any CPU = Release|Any CPU
	EndGlobalSection
	GlobalSection(ProjectConfigurationPlatforms) = postSolution
		{6773D581-8C4E-4256-B45F-2F16DE3A3794}.Debug|Any CPU.ActiveCfg = Debug|Any CPU
		{6773D581-8C4E-4256-B45F-2F16DE3A3794}.Debug|Any CPU.Build.0 = Debug|Any CPU
		{6773D581-8C4E-4256-B45F-2F16DE3A3794}.Release|Any CPU.ActiveCfg = Release|Any CPU
		{6773D581-8C4E-4256-B45F-2F16DE3A3794}.Release|Any CPU.Build.0 = Release|Any CPU
		{DC084A2E-DA63-410F-8498-2A5DEA9E6451}.Debug|Any CPU.ActiveCfg = Debug|Any CPU
		{DC084A2E-DA63-410F-8498-2A5DEA9E6451}.Debug|Any CPU.Build.0 = Debug|Any CPU
		{DC084A2E-DA63-410F-8498-2A5DEA9E6451}.Release|Any CPU.ActiveCfg = Release|Any CPU
		{DC084A2E-DA63-410F-8498-2A5DEA9E6451}.Release|Any CPU.Build.0 = Release|Any CPU
		{97120818-2275-4745-B4A4-CDA875430A3D}.Debug|Any CPU.ActiveCfg = Debug|Any CPU
		{97120818-2275-4745-B4A4-CDA875430A3D}.Debug|Any CPU.Build.0 = Debug|Any CPU
		{97120818-2275-4745-B4A4-CDA875430A3D}.Release|Any CPU.ActiveCfg = Release|Any CPU
		{97120818-2275-4745-B4A4-CDA875430A3D}.Release|Any CPU.Build.0 = Release|Any CPU
		{2211D0D7-BD5A-428F-B0F1-C8BC00909217}.Debug|Any CPU.ActiveCfg = Debug|Any CPU
		{2211D0D7-BD5A-428F-B0F1-C8BC00909217}.Debug|Any CPU.Build.0 = Debug|Any CPU
		{2211D0D7-BD5A-428F-B0F1-C8BC00909217}.Release|Any CPU.ActiveCfg = Release|Any CPU
		{2211D0D7-BD5A-428F-B0F1-C8BC00909217}.Release|Any CPU.Build.0 = Release|Any CPU
	EndGlobalSection
	GlobalSection(SolutionProperties) = preSolution
		HideSolutionNode = FALSE
	EndGlobalSection
	GlobalSection(ExtensibilityGlobals) = postSolution
		SolutionGuid = {C3A39AD5-3396-4FC8-90DA-90F3830D5101}
	EndGlobalSection
EndGlobal
